
Microsoft Visual Studio Solution File, Format Version 12.00
# Visual Studio Version 17
VisualStudioVersion = 17.0.32014.148
MinimumVisualStudioVersion = 10.0.40219.1
Project("{FAE04EC0-301F-11D3-BF4B-00C04F79EFBC}") = "MyList", "MyList.csproj", "{E621F302-DCF4-4251-8013-7294C2A97837}"
EndProject
Global
	GlobalSection(SolutionConfigurationPlatforms) = preSolution
		Debug|Any CPU = Debug|Any CPU
		Release|Any CPU = Release|Any CPU
	EndGlobalSection
	GlobalSection(ProjectConfigurationPlatforms) = postSolution
		{E621F302-DCF4-4251-8013-7294C2A97837}.Debug|Any CPU.ActiveCfg = Debug|Any CPU
		{E621F302-DCF4-4251-8013-7294C2A97837}.Debug|Any CPU.Build.0 = Debug|Any CPU
		{E621F302-DCF4-4251-8013-7294C2A97837}.Release|Any CPU.ActiveCfg = Release|Any CPU
		{E621F302-DCF4-4251-8013-7294C2A97837}.Release|Any CPU.Build.0 = Release|Any CPU
	EndGlobalSection
	GlobalSection(SolutionProperties) = preSolution
		HideSolutionNode = FALSE
	EndGlobalSection
	GlobalSection(ExtensibilityGlobals) = postSolution
		SolutionGuid = {543F5B3A-D21C-4862-AF8D-1EEAB0E06405}
	EndGlobalSection
EndGlobal
